
Microsoft Visual Studio Solution File, Format Version 12.00
# Visual Studio Version 16
VisualStudioVersion = 16.0.30907.101
MinimumVisualStudioVersion = 10.0.40219.1
Project("{9A19103F-16F7-4668-BE54-9A1E7A4F7556}") = "dotnetusTodo.Backend", "dotnetusTodoysys\dotnetusTodo.Backend.csproj", "{9CDA9FE6-21C8-4501-ABCB-3F5E3548880A}"
EndProject
Global
	GlobalSection(SolutionConfigurationPlatforms) = preSolution
		Debug|Any CPU = Debug|Any CPU
		Release|Any CPU = Release|Any CPU
	EndGlobalSection
	GlobalSection(ProjectConfigurationPlatforms) = postSolution
		{9CDA9FE6-21C8-4501-ABCB-3F5E3548880A}.Debug|Any CPU.ActiveCfg = Debug|Any CPU
		{9CDA9FE6-21C8-4501-ABCB-3F5E3548880A}.Debug|Any CPU.Build.0 = Debug|Any CPU
		{9CDA9FE6-21C8-4501-ABCB-3F5E3548880A}.Release|Any CPU.ActiveCfg = Release|Any CPU
		{9CDA9FE6-21C8-4501-ABCB-3F5E3548880A}.Release|Any CPU.Build.0 = Release|Any CPU
	EndGlobalSection
	GlobalSection(SolutionProperties) = preSolution
		HideSolutionNode = FALSE
	EndGlobalSection
	GlobalSection(ExtensibilityGlobals) = postSolution
		SolutionGuid = {25F03EB4-93E6-4BF7-A0FF-A1AAD88E2506}
	EndGlobalSection
EndGlobal
